
Microsoft Visual Studio Solution File, Format Version 12.00
# Visual Studio Version 16
VisualStudioVersion = 16.0.31129.286
MinimumVisualStudioVersion = 10.0.40219.1
Project("{FAE04EC0-301F-11D3-BF4B-00C04F79EFBC}") = "test", "test\test.csproj", "{48EF27B3-1A33-4B58-97E3-E10531D34C59}"
EndProject
Global
	GlobalSection(SolutionConfigurationPlatforms) = preSolution
		Debug|Any CPU = Debug|Any CPU
		Release|Any CPU = Release|Any CPU
	EndGlobalSection
	GlobalSection(ProjectConfigurationPlatforms) = postSolution
		{48EF27B3-1A33-4B58-97E3-E10531D34C59}.Debug|Any CPU.ActiveCfg = Debug|Any CPU
		{48EF27B3-1A33-4B58-97E3-E10531D34C59}.Debug|Any CPU.Build.0 = Debug|Any CPU
		{48EF27B3-1A33-4B58-97E3-E10531D34C59}.Debug|Any CPU.Deploy.0 = Debug|Any CPU
		{48EF27B3-1A33-4B58-97E3-E10531D34C59}.Release|Any CPU.ActiveCfg = Release|Any CPU
		{48EF27B3-1A33-4B58-97E3-E10531D34C59}.Release|Any CPU.Build.0 = Release|Any CPU
		{48EF27B3-1A33-4B58-97E3-E10531D34C59}.Release|Any CPU.Deploy.0 = Release|Any CPU
	EndGlobalSection
	GlobalSection(SolutionProperties) = preSolution
		HideSolutionNode = FALSE
	EndGlobalSection
	GlobalSection(ExtensibilityGlobals) = postSolution
		SolutionGuid = {C9088C33-E968-4C82-B3FB-5CF8181D69F5}
	EndGlobalSection
EndGlobal
